// !$*UTF8*$!
{
	archiveVersion = 1;
	classes = {
	};
	objectVersion = 77;
	objects = {

/* Begin PBXContainerItemProxy section */
		0C00000000000000000001 /* PBXContainerItemProxy */ = {
			isa = PBXContainerItemProxy;
			containerPortal = 0D00000000000000000001 /* Project object */;
			proxyType = 1;
			remoteGlobalIDString = 0E00000000000000000001;
			remoteInfo = OpenYoink;
		};
		0C00000000000000000002 /* PBXContainerItemProxy */ = {
			isa = PBXContainerItemProxy;
			containerPortal = 0D00000000000000000001 /* Project object */;
			proxyType = 1;
			remoteGlobalIDString = 0E00000000000000000001;
			remoteInfo = OpenYoink;
		};
/* End PBXContainerItemProxy section */

/* Begin PBXBuildFile section */
		2C00000000000000000001 /* Sparkle in Frameworks */ = {isa = PBXBuildFile; productRef = 2B00000000000000000001 /* Sparkle */; };
		3C00000000000000000001 /* OpenYoinkModuleCore in Frameworks */ = {isa = PBXBuildFile; productRef = 3B00000000000000000001 /* OpenYoinkModuleCore */; };
/* End PBXBuildFile section */

/* Begin PBXFileReference section */
		0F00000000000000000001 /* OpenYoink.app */ = {isa = PBXFileReference; explicitFileType = wrapper.application; includeInIndex = 0; path = OpenYoink.app; sourceTree = BUILT_PRODUCTS_DIR; };
		0F00000000000000000002 /* OpenYoinkTests.xctest */ = {isa = PBXFileReference; explicitFileType = wrapper.cfbundle; includeInIndex = 0; path = OpenYoinkTests.xctest; sourceTree = BUILT_PRODUCTS_DIR; };
		0F00000000000000000003 /* OpenYoinkUITests.xctest */ = {isa = PBXFileReference; explicitFileType = wrapper.cfbundle; includeInIndex = 0; path = OpenYoinkUITests.xctest; sourceTree = BUILT_PRODUCTS_DIR; };
/* End PBXFileReference section */

/* Begin PBXFileSystemSynchronizedBuildFileExceptionSet section */
		1A00000000000000000001 /* Exceptions for "OpenYoink" folder in "OpenYoink" target */ = {
			isa = PBXFileSystemSynchronizedBuildFileExceptionSet;
			membershipExceptions = (
				App/Info.plist,
			);
			target = 0E00000000000000000001 /* OpenYoink */;
		};
/* End PBXFileSystemSynchronizedBuildFileExceptionSet section */

/* Begin PBXFileSystemSynchronizedRootGroup section */
		110000000000000000002 /* OpenYoink */ = {
			isa = PBXFileSystemSynchronizedRootGroup;
			exceptions = (
				1A00000000000000000001 /* Exceptions for "OpenYoink" folder in "OpenYoink" target */,
			);
			path = OpenYoink;
			sourceTree = "<group>";
		};
		110000000000000000003 /* OpenYoinkTests */ = {
			isa = PBXFileSystemSynchronizedRootGroup;
			path = OpenYoinkTests;
			sourceTree = "<group>";
		};
		110000000000000000005 /* OpenYoinkUITests */ = {
			isa = PBXFileSystemSynchronizedRootGroup;
			path = OpenYoinkUITests;
			sourceTree = "<group>";
		};
/* End PBXFileSystemSynchronizedRootGroup section */

/* Begin PBXFrameworksBuildPhase section */
		100000000000000000001 /* Frameworks */ = {
			isa = PBXFrameworksBuildPhase;
			buildActionMask = 2147483647;
			files = (
				2C00000000000000000001 /* Sparkle in Frameworks */,
				3C00000000000000000001 /* OpenYoinkModuleCore in Frameworks */,
			);
			runOnlyForDeploymentPostprocessing = 0;
		};
		100000000000000000002 /* Frameworks */ = {
			isa = PBXFrameworksBuildPhase;
			buildActionMask = 2147483647;
			files = (
			);
			runOnlyForDeploymentPostprocessing = 0;
		};
		100000000000000000003 /* Frameworks */ = {
			isa = PBXFrameworksBuildPhase;
			buildActionMask = 2147483647;
			files = (
			);
			runOnlyForDeploymentPostprocessing = 0;
		};
/* End PBXFrameworksBuildPhase section */

/* Begin PBXGroup section */
		110000000000000000001 = {
			isa = PBXGroup;
			children = (
				110000000000000000002 /* OpenYoink */,
				110000000000000000003 /* OpenYoinkTests */,
				110000000000000000005 /* OpenYoinkUITests */,
				110000000000000000004 /* Products */,
			);
			sourceTree = "<group>";
		};
		110000000000000000004 /* Products */ = {
			isa = PBXGroup;
			children = (
				0F00000000000000000001 /* OpenYoink.app */,
				0F00000000000000000002 /* OpenYoinkTests.xctest */,
				0F00000000000000000003 /* OpenYoinkUITests.xctest */,
			);
			name = Products;
			sourceTree = "<group>";
		};
/* End PBXGroup section */

/* Begin PBXNativeTarget section */
		0E00000000000000000001 /* OpenYoink */ = {
			isa = PBXNativeTarget;
			buildConfigurationList = 120000000000000000001 /* Build configuration list for PBXNativeTarget "OpenYoink" */;
			buildPhases = (
				130000000000000000001 /* Sources */,
				100000000000000000001 /* Frameworks */,
				140000000000000000001 /* Resources */,
			);
			buildRules = (
			);
			dependencies = (
			);
			fileSystemSynchronizedGroups = (
				110000000000000000002 /* OpenYoink */,
			);
			name = OpenYoink;
			packageProductDependencies = (
				2B00000000000000000001 /* Sparkle */,
				3B00000000000000000001 /* OpenYoinkModuleCore */,
			);
			productName = OpenYoink;
			productReference = 0F00000000000000000001 /* OpenYoink.app */;
			productType = "com.apple.product-type.application";
		};
		0E00000000000000000002 /* OpenYoinkTests */ = {
			isa = PBXNativeTarget;
			buildConfigurationList = 120000000000000000002 /* Build configuration list for PBXNativeTarget "OpenYoinkTests" */;
			buildPhases = (
				130000000000000000002 /* Sources */,
				100000000000000000002 /* Frameworks */,
				140000000000000000002 /* Resources */,
			);
			buildRules = (
			);
			dependencies = (
				150000000000000000001 /* PBXTargetDependency */,
			);
			fileSystemSynchronizedGroups = (
				110000000000000000003 /* OpenYoinkTests */,
			);
			name = OpenYoinkTests;
			productName = OpenYoinkTests;
			productReference = 0F00000000000000000002 /* OpenYoinkTests.xctest */;
			productType = "com.apple.product-type.bundle.unit-test";
		};
		0E00000000000000000003 /* OpenYoinkUITests */ = {
			isa = PBXNativeTarget;
			buildConfigurationList = 120000000000000000004 /* Build configuration list for PBXNativeTarget "OpenYoinkUITests" */;
			buildPhases = (
				130000000000000000003 /* Sources */,
				100000000000000000003 /* Frameworks */,
				140000000000000000003 /* Resources */,
			);
			buildRules = (
			);
			dependencies = (
				150000000000000000002 /* PBXTargetDependency */,
			);
			fileSystemSynchronizedGroups = (
				110000000000000000005 /* OpenYoinkUITests */,
			);
			name = OpenYoinkUITests;
			packageProductDependencies = (
			);
			productName = OpenYoinkUITests;
			productReference = 0F00000000000000000003 /* OpenYoinkUITests.xctest */;
			productType = "com.apple.product-type.bundle.ui-testing";
		};
/* End PBXNativeTarget section */

/* Begin PBXProject section */
		0D00000000000000000001 /* Project object */ = {
			isa = PBXProject;
			attributes = {
				BuildIndependentTargetsInParallel = 1;
				LastSwiftUpdateCheck = 2600;
				LastUpgradeCheck = 2600;
				TargetAttributes = {
					0E00000000000000000001 = {
						CreatedOnToolsVersion = 26.6;
					};
					0E00000000000000000002 = {
						CreatedOnToolsVersion = 26.6;
						TestTargetID = 0E00000000000000000001;
					};
				};
			};
			buildConfigurationList = 120000000000000000003 /* Build configuration list for PBXProject "Open-Yoink" */;
			compatibilityVersion = "Xcode 15.0";
			developmentRegion = en;
			hasScannedForEncodings = 0;
			knownRegions = (
				en,
				Base,
				"zh-Hans",
			);
			mainGroup = 110000000000000000001;
			packageReferences = (
				2A00000000000000000001 /* XCRemoteSwiftPackageReference "Sparkle" */,
				3A00000000000000000001 /* XCLocalSwiftPackageReference "OpenYoinkModuleCore" */,
			);
			productRefGroup = 110000000000000000004 /* Products */;
			projectDirPath = "";
			projectRoot = "";
			targets = (
				0E00000000000000000001 /* OpenYoink */,
				0E00000000000000000002 /* OpenYoinkTests */,
				0E00000000000000000003 /* OpenYoinkUITests */,
			);
		};
/* End PBXProject section */

/* Begin PBXResourcesBuildPhase section */
		140000000000000000001 /* Resources */ = {
			isa = PBXResourcesBuildPhase;
			buildActionMask = 2147483647;
			files = (
			);
			runOnlyForDeploymentPostprocessing = 0;
		};
		140000000000000000002 /* Resources */ = {
			isa = PBXResourcesBuildPhase;
			buildActionMask = 2147483647;
			files = (
			);
			runOnlyForDeploymentPostprocessing = 0;
		};
		140000000000000000003 /* Resources */ = {
			isa = PBXResourcesBuildPhase;
			buildActionMask = 2147483647;
			files = (
			);
			runOnlyForDeploymentPostprocessing = 0;
		};
/* End PBXResourcesBuildPhase section */

/* Begin PBXSourcesBuildPhase section */
		130000000000000000001 /* Sources */ = {
			isa = PBXSourcesBuildPhase;
			buildActionMask = 2147483647;
			files = (
			);
			runOnlyForDeploymentPostprocessing = 0;
		};
		130000000000000000002 /* Sources */ = {
			isa = PBXSourcesBuildPhase;
			buildActionMask = 2147483647;
			files = (
			);
			runOnlyForDeploymentPostprocessing = 0;
		};
		130000000000000000003 /* Sources */ = {
			isa = PBXSourcesBuildPhase;
			buildActionMask = 2147483647;
			files = (
			);
			runOnlyForDeploymentPostprocessing = 0;
		};
/* End PBXSourcesBuildPhase section */

/* Begin PBXTargetDependency section */
		150000000000000000001 /* PBXTargetDependency */ = {
			isa = PBXTargetDependency;
			target = 0E00000000000000000001 /* OpenYoink */;
			targetProxy = 0C00000000000000000001 /* PBXContainerItemProxy */;
		};
		150000000000000000002 /* PBXTargetDependency */ = {
			isa = PBXTargetDependency;
			target = 0E00000000000000000001 /* OpenYoink */;
			targetProxy = 0C00000000000000000002 /* PBXContainerItemProxy */;
		};
/* End PBXTargetDependency section */

/* Begin XCBuildConfiguration section */
		160000000000000000001 /* Debug */ = {
			isa = XCBuildConfiguration;
			buildSettings = {
				ALWAYS_SEARCH_USER_PATHS = NO;
				ASSETCATALOG_COMPILER_GENERATE_SWIFT_ASSET_SYMBOL_EXTENSIONS = YES;
				CLANG_ANALYZER_NONNULL = YES;
				CLANG_ANALYZER_NUMBER_OBJECT_CONVERSION = YES_AGGRESSIVE;
				CLANG_CXX_LANGUAGE_STANDARD = "gnu++20";
				CLANG_ENABLE_MODULES = YES;
				CLANG_ENABLE_OBJC_ARC = YES;
				CLANG_ENABLE_OBJC_WEAK = YES;
				CLANG_WARN_BLOCK_CAPTURE_AUTORELEASING = YES;
				CLANG_WARN_BOOL_CONVERSION = YES;
				CLANG_WARN_COMMA = YES;
				CLANG_WARN_CONSTANT_CONVERSION = YES;
				CLANG_WARN_DEPRECATED_OBJC_IMPLEMENTATIONS = YES;
				CLANG_WARN_DIRECT_OBJC_ISA_USAGE = YES_ERROR;
				CLANG_WARN_DOCUMENTATION_COMMENTS = YES;
				CLANG_WARN_EMPTY_BODY = YES;
				CLANG_WARN_ENUM_CONVERSION = YES;
				CLANG_WARN_INFINITE_RECURSION = YES;
				CLANG_WARN_INT_CONVERSION = YES;
				CLANG_WARN_NON_LITERAL_NULL_CONVERSION = YES;
				CLANG_WARN_OBJC_IMPLICIT_RETAIN_SELF = YES;
				CLANG_WARN_OBJC_LITERAL_CONVERSION = YES;
				CLANG_WARN_OBJC_ROOT_CLASS = YES_ERROR;
				CLANG_WARN_QUOTED_INCLUDE_IN_FRAMEWORK_HEADER = YES;
				CLANG_WARN_RANGE_LOOP_ANALYSIS = YES;
				CLANG_WARN_STRICT_PROTOTYPES = YES;
				CLANG_WARN_SUSPICIOUS_MOVE = YES;
				CLANG_WARN_UNGUARDED_AVAILABILITY = YES_AGGRESSIVE;
				CLANG_WARN_UNREACHABLE_CODE = YES;
				CLANG_WARN__DUPLICATE_METHOD_MATCH = YES;
				COPY_PHASE_STRIP = NO;
				DEAD_CODE_STRIPPING = YES;
				DEBUG_INFORMATION_FORMAT = dwarf;
				ENABLE_STRICT_OBJC_MSGSEND = YES;
				ENABLE_TESTABILITY = YES;
				ENABLE_USER_SCRIPT_SANDBOXING = YES;
				GCC_C_LANGUAGE_STANDARD = gnu17;
				GCC_DYNAMIC_NO_PIC = NO;
				GCC_NO_COMMON_BLOCKS = YES;
				GCC_OPTIMIZATION_LEVEL = 0;
				GCC_PREPROCESSOR_DEFINITIONS = (
					"DEBUG=1",
					"$(inherited)",
				);
				GCC_WARN_64_TO_32_BIT_CONVERSION = YES;
				GCC_WARN_ABOUT_RETURN_TYPE = YES_ERROR;
				GCC_WARN_UNDECLARED_SELECTOR = YES;
				GCC_WARN_UNINITIALIZED_AUTOS = YES_AGGRESSIVE;
				GCC_WARN_UNUSED_FUNCTION = YES;
				GCC_WARN_UNUSED_VARIABLE = YES;
				LOCALIZATION_PREFERS_STRING_CATALOGS = YES;
				MACOSX_DEPLOYMENT_TARGET = 15.0;
				MTL_ENABLE_DEBUG_INFO = INCLUDE_SOURCE;
				MTL_FAST_MATH = YES;
				ONLY_ACTIVE_ARCH = YES;
				SDKROOT = macosx;
				SWIFT_ACTIVE_COMPILATION_CONDITIONS = "DEBUG $(inherited)";
				SWIFT_OPTIMIZATION_LEVEL = "-Onone";
			};
			name = Debug;
		};
		160000000000000000002 /* Release */ = {
			isa = XCBuildConfiguration;
			buildSettings = {
				ALWAYS_SEARCH_USER_PATHS = NO;
				ASSETCATALOG_COMPILER_GENERATE_SWIFT_ASSET_SYMBOL_EXTENSIONS = YES;
				CLANG_ANALYZER_NONNULL = YES;
				CLANG_ANALYZER_NUMBER_OBJECT_CONVERSION = YES_AGGRESSIVE;
				CLANG_CXX_LANGUAGE_STANDARD = "gnu++20";
				CLANG_ENABLE_MODULES = YES;
				CLANG_ENABLE_OBJC_ARC = YES;
				CLANG_ENABLE_OBJC_WEAK = YES;
				CLANG_WARN_BLOCK_CAPTURE_AUTORELEASING = YES;
				CLANG_WARN_BOOL_CONVERSION = YES;
				CLANG_WARN_COMMA = YES;
				CLANG_WARN_CONSTANT_CONVERSION = YES;
				CLANG_WARN_DEPRECATED_OBJC_IMPLEMENTATIONS = YES;
				CLANG_WARN_DIRECT_OBJC_ISA_USAGE = YES_ERROR;
				CLANG_WARN_DOCUMENTATION_COMMENTS = YES;
				CLANG_WARN_EMPTY_BODY = YES;
				CLANG_WARN_ENUM_CONVERSION = YES;
				CLANG_WARN_INFINITE_RECURSION = YES;
				CLANG_WARN_INT_CONVERSION = YES;
				CLANG_WARN_NON_LITERAL_NULL_CONVERSION = YES;
				CLANG_WARN_OBJC_IMPLICIT_RETAIN_SELF = YES;
				CLANG_WARN_OBJC_LITERAL_CONVERSION = YES;
				CLANG_WARN_OBJC_ROOT_CLASS = YES_ERROR;
				CLANG_WARN_QUOTED_INCLUDE_IN_FRAMEWORK_HEADER = YES;
				CLANG_WARN_RANGE_LOOP_ANALYSIS = YES;
				CLANG_WARN_STRICT_PROTOTYPES = YES;
				CLANG_WARN_SUSPICIOUS_MOVE = YES;
				CLANG_WARN_UNGUARDED_AVAILABILITY = YES_AGGRESSIVE;
				CLANG_WARN_UNREACHABLE_CODE = YES;
				CLANG_WARN__DUPLICATE_METHOD_MATCH = YES;
				COPY_PHASE_STRIP = YES;
				DEAD_CODE_STRIPPING = YES;
				DEBUG_INFORMATION_FORMAT = "dwarf-with-dsym";
				ENABLE_NS_ASSERTIONS = NO;
				ENABLE_STRICT_OBJC_MSGSEND = YES;
				ENABLE_USER_SCRIPT_SANDBOXING = YES;
				GCC_C_LANGUAGE_STANDARD = gnu17;
				GCC_NO_COMMON_BLOCKS = YES;
				GCC_WARN_64_TO_32_BIT_CONVERSION = YES;
				GCC_WARN_ABOUT_RETURN_TYPE = YES_ERROR;
				GCC_WARN_UNDECLARED_SELECTOR = YES;
				GCC_WARN_UNINITIALIZED_AUTOS = YES_AGGRESSIVE;
				GCC_WARN_UNUSED_FUNCTION = YES;
				GCC_WARN_UNUSED_VARIABLE = YES;
				LOCALIZATION_PREFERS_STRING_CATALOGS = YES;
				MACOSX_DEPLOYMENT_TARGET = 15.0;
				MTL_ENABLE_DEBUG_INFO = NO;
				MTL_FAST_MATH = YES;
				SDKROOT = macosx;
				SWIFT_COMPILATION_MODE = wholemodule;
			};
			name = Release;
		};
		160000000000000000003 /* Debug */ = {
			isa = XCBuildConfiguration;
			buildSettings = {
				ASSETCATALOG_COMPILER_APPICON_NAME = AppIcon;
				ASSETCATALOG_COMPILER_GLOBAL_ACCENT_COLOR_NAME = AccentColor;
				CODE_SIGN_ENTITLEMENTS = OpenYoink/Resources/OpenYoink.entitlements;
				CODE_SIGN_STYLE = Automatic;
				COMBINE_HIDPI_IMAGES = YES;
				CURRENT_PROJECT_VERSION = 34;
				DEVELOPMENT_TEAM = "";
				ENABLE_HARDENED_RUNTIME = YES;
				GENERATE_INFOPLIST_FILE = NO;
				INFOPLIST_FILE = OpenYoink/App/Info.plist;
				INFOPLIST_KEY_LSUIElement = YES;
				INFOPLIST_KEY_NSHumanReadableCopyright = "Copyright © 2026 weijue. MIT License.";
				LD_RUNPATH_SEARCH_PATHS = (
					"$(inherited)",
					"@executable_path/../Frameworks",
				);
				MARKETING_VERSION = 1.6.10;
				PRODUCT_BUNDLE_IDENTIFIER = com.weijue.OpenYoink;
				PRODUCT_BUNDLE_PACKAGE_TYPE = APPL;
				PRODUCT_NAME = "$(TARGET_NAME)";
				SWIFT_EMIT_LOC_STRINGS = YES;
				SWIFT_VERSION = 6.0;
			};
			name = Debug;
		};
		160000000000000000004 /* Release */ = {
			isa = XCBuildConfiguration;
			buildSettings = {
				ASSETCATALOG_COMPILER_APPICON_NAME = AppIcon;
				ASSETCATALOG_COMPILER_GLOBAL_ACCENT_COLOR_NAME = AccentColor;
				CODE_SIGN_ENTITLEMENTS = OpenYoink/Resources/OpenYoink.entitlements;
				CODE_SIGN_INJECT_BASE_ENTITLEMENTS = NO;
				CODE_SIGN_STYLE = Automatic;
				COMBINE_HIDPI_IMAGES = YES;
				CURRENT_PROJECT_VERSION = 34;
				DEVELOPMENT_TEAM = "";
				ENABLE_HARDENED_RUNTIME = YES;
				GENERATE_INFOPLIST_FILE = NO;
				INFOPLIST_FILE = OpenYoink/App/Info.plist;
				INFOPLIST_KEY_LSUIElement = YES;
				INFOPLIST_KEY_NSHumanReadableCopyright = "Copyright © 2026 weijue. MIT License.";
				LD_RUNPATH_SEARCH_PATHS = (
					"$(inherited)",
					"@executable_path/../Frameworks",
				);
				MARKETING_VERSION = 1.6.10;
				PRODUCT_BUNDLE_IDENTIFIER = com.weijue.OpenYoink;
				PRODUCT_BUNDLE_PACKAGE_TYPE = APPL;
				PRODUCT_NAME = "$(TARGET_NAME)";
				SWIFT_EMIT_LOC_STRINGS = YES;
				SWIFT_VERSION = 6.0;
			};
			name = Release;
		};
		160000000000000000005 /* Debug */ = {
			isa = XCBuildConfiguration;
			buildSettings = {
				BUNDLE_LOADER = "$(TEST_HOST)";
				CODE_SIGN_STYLE = Automatic;
				CURRENT_PROJECT_VERSION = 34;
				DEVELOPMENT_TEAM = "";
				GENERATE_INFOPLIST_FILE = YES;
				MARKETING_VERSION = 1.6.10;
				PRODUCT_BUNDLE_IDENTIFIER = com.weijue.OpenYoinkTests;
				PRODUCT_BUNDLE_PACKAGE_TYPE = BNDL;
				PRODUCT_NAME = "$(TARGET_NAME)";
				SWIFT_EMIT_LOC_STRINGS = NO;
				SWIFT_VERSION = 6.0;
				TEST_HOST = "$(BUILT_PRODUCTS_DIR)/OpenYoink.app/$(BUNDLE_EXECUTABLE_FOLDER_PATH)/OpenYoink";
			};
			name = Debug;
		};
		160000000000000000006 /* Release */ = {
			isa = XCBuildConfiguration;
			buildSettings = {
				BUNDLE_LOADER = "$(TEST_HOST)";
				CODE_SIGN_STYLE = Automatic;
				CURRENT_PROJECT_VERSION = 34;
				DEVELOPMENT_TEAM = "";
				GENERATE_INFOPLIST_FILE = YES;
				MARKETING_VERSION = 1.6.10;
				PRODUCT_BUNDLE_IDENTIFIER = com.weijue.OpenYoinkTests;
				PRODUCT_BUNDLE_PACKAGE_TYPE = BNDL;
				PRODUCT_NAME = "$(TARGET_NAME)";
				SWIFT_EMIT_LOC_STRINGS = NO;
				SWIFT_VERSION = 6.0;
				TEST_HOST = "$(BUILT_PRODUCTS_DIR)/OpenYoink.app/$(BUNDLE_EXECUTABLE_FOLDER_PATH)/OpenYoink";
			};
			name = Release;
		};
		160000000000000000007 /* Debug */ = {
			isa = XCBuildConfiguration;
			buildSettings = {
				CODE_SIGN_STYLE = Automatic;
				CURRENT_PROJECT_VERSION = 34;
				DEVELOPMENT_TEAM = "";
				GENERATE_INFOPLIST_FILE = YES;
				MACOSX_DEPLOYMENT_TARGET = 15.0;
				MARKETING_VERSION = 1.6.10;
				PRODUCT_BUNDLE_IDENTIFIER = com.weijue.OpenYoinkUITests;
				PRODUCT_BUNDLE_PACKAGE_TYPE = BNDL;
				PRODUCT_NAME = "$(TARGET_NAME)";
				SWIFT_EMIT_LOC_STRINGS = NO;
				SWIFT_VERSION = 6.0;
				TEST_TARGET_NAME = OpenYoink;
			};
			name = Debug;
		};
		160000000000000000008 /* Release */ = {
			isa = XCBuildConfiguration;
			buildSettings = {
				CODE_SIGN_STYLE = Automatic;
				CURRENT_PROJECT_VERSION = 34;
				DEVELOPMENT_TEAM = "";
				GENERATE_INFOPLIST_FILE = YES;
				MACOSX_DEPLOYMENT_TARGET = 15.0;
				MARKETING_VERSION = 1.6.10;
				PRODUCT_BUNDLE_IDENTIFIER = com.weijue.OpenYoinkUITests;
				PRODUCT_BUNDLE_PACKAGE_TYPE = BNDL;
				PRODUCT_NAME = "$(TARGET_NAME)";
				SWIFT_EMIT_LOC_STRINGS = NO;
				SWIFT_VERSION = 6.0;
				TEST_TARGET_NAME = OpenYoink;
			};
			name = Release;
		};
/* End XCBuildConfiguration section */

/* Begin XCConfigurationList section */
		120000000000000000003 /* Build configuration list for PBXProject "Open-Yoink" */ = {
			isa = XCConfigurationList;
			buildConfigurations = (
				160000000000000000001 /* Debug */,
				160000000000000000002 /* Release */,
			);
			defaultConfigurationIsVisible = 0;
			defaultConfigurationName = Release;
		};
		120000000000000000001 /* Build configuration list for PBXNativeTarget "OpenYoink" */ = {
			isa = XCConfigurationList;
			buildConfigurations = (
				160000000000000000003 /* Debug */,
				160000000000000000004 /* Release */,
			);
			defaultConfigurationIsVisible = 0;
			defaultConfigurationName = Release;
		};
		120000000000000000002 /* Build configuration list for PBXNativeTarget "OpenYoinkTests" */ = {
			isa = XCConfigurationList;
			buildConfigurations = (
				160000000000000000005 /* Debug */,
				160000000000000000006 /* Release */,
			);
			defaultConfigurationIsVisible = 0;
			defaultConfigurationName = Release;
		};
		120000000000000000004 /* Build configuration list for PBXNativeTarget "OpenYoinkUITests" */ = {
			isa = XCConfigurationList;
			buildConfigurations = (
				160000000000000000007 /* Debug */,
				160000000000000000008 /* Release */,
			);
			defaultConfigurationIsVisible = 0;
			defaultConfigurationName = Release;
		};
/* End XCConfigurationList section */

/* Begin XCRemoteSwiftPackageReference section */
		2A00000000000000000001 /* XCRemoteSwiftPackageReference "Sparkle" */ = {
			isa = XCRemoteSwiftPackageReference;
			repositoryURL = "https://github.com/sparkle-project/Sparkle";
			requirement = {
				kind = upToNextMajorVersion;
				minimumVersion = 2.6.0;
			};
		};
/* End XCRemoteSwiftPackageReference section */

/* Begin XCLocalSwiftPackageReference section */
		3A00000000000000000001 /* XCLocalSwiftPackageReference "OpenYoinkModuleCore" */ = {
			isa = XCLocalSwiftPackageReference;
			relativePath = Packages/OpenYoinkModuleCore;
		};
/* End XCLocalSwiftPackageReference section */

/* Begin XCSwiftPackageProductDependency section */
		2B00000000000000000001 /* Sparkle */ = {
			isa = XCSwiftPackageProductDependency;
			package = 2A00000000000000000001 /* XCRemoteSwiftPackageReference "Sparkle" */;
			productName = Sparkle;
		};
		3B00000000000000000001 /* OpenYoinkModuleCore */ = {
			isa = XCSwiftPackageProductDependency;
			package = 3A00000000000000000001 /* XCLocalSwiftPackageReference "OpenYoinkModuleCore" */;
			productName = OpenYoinkModuleCore;
		};
/* End XCSwiftPackageProductDependency section */
	};
	rootObject = 0D00000000000000000001 /* Project object */;
}
